
Microsoft Visual Studio Solution File, Format Version 12.00
# Visual Studio Version 17
VisualStudioVersion = 17.5.33502.453
MinimumVisualStudioVersion = 10.0.40219.1
Project("{FAE04EC0-301F-11D3-BF4B-00C04F79EFBC}") = "MyMafia", "MyMafia\MyMafia.csproj", "{0AA63D81-EC21-48E4-99B1-311B30ADAE77}"
EndProject
Global
	GlobalSection(SolutionConfigurationPlatforms) = preSolution
		Debug|Any CPU = Debug|Any CPU
		Release|Any CPU = Release|Any CPU
	EndGlobalSection
	GlobalSection(ProjectConfigurationPlatforms) = postSolution
		{0AA63D81-EC21-48E4-99B1-311B30ADAE77}.Debug|Any CPU.ActiveCfg = Debug|Any CPU
		{0AA63D81-EC21-48E4-99B1-311B30ADAE77}.Debug|Any CPU.Build.0 = Debug|Any CPU
		{0AA63D81-EC21-48E4-99B1-311B30ADAE77}.Release|Any CPU.ActiveCfg = Release|Any CPU
		{0AA63D81-EC21-48E4-99B1-311B30ADAE77}.Release|Any CPU.Build.0 = Release|Any CPU
	EndGlobalSection
	GlobalSection(SolutionProperties) = preSolution
		HideSolutionNode = FALSE
	EndGlobalSection
	GlobalSection(ExtensibilityGlobals) = postSolution
		SolutionGuid = {C20D4582-2186-4323-9C27-74340F24DAF8}
	EndGlobalSection
EndGlobal
